{
  "name": "backend",
  "version": "1.0.0",
  "lockfileVersion": 2,
  "requires": true,
  "packages": {
    "": {
      "name": "backend",
      "version": "1.0.0",
      "license": "ISC",
      "devDependencies": {
        "prettier-plugin-prisma": "^3.6.0"
      }
    },
    "node_modules/@prisma/prisma-fmt-wasm": {
      "version": "3.6.0-24.dc520b92b1ebb2d28dc3161f9f82e875bd35d727",
      "resolved": "https://registry.npmjs.org/@prisma/prisma-fmt-wasm/-/prisma-fmt-wasm-3.6.0-24.dc520b92b1ebb2d28dc3161f9f82e875bd35d727.tgz",
      "integrity": "sha512-Nt4A2SZ4MASAliZ9OaXCYG1xr80lEcJABliUAi/tvzCU8r5W3V4Tp5XDqchxuN/w71XY/s+OaWce7PHnoMGpkA==",
      "dev": true
    },
    "node_modules/prettier": {
      "version": "2.5.1",
      "resolved": "https://registry.npmjs.org/prettier/-/prettier-2.5.1.tgz",
      "integrity": "sha512-vBZcPRUR5MZJwoyi3ZoyQlc1rXeEck8KgeC9AwwOn+exuxLxq5toTRDTSaVrXHxelDMHy9zlicw8u66yxoSUFg==",
      "dev": true,
      "peer": true,
      "bin": {
        "prettier": "bin-prettier.js"
      },
      "engines": {
        "node": ">=10.13.0"
      }
    },
    "node_modules/prettier-plugin-prisma": {
      "version": "3.6.0",
      "resolved": "https://registry.npmjs.org/prettier-plugin-prisma/-/prettier-plugin-prisma-3.6.0.tgz",
      "integrity": "sha512-kXr+gNqkP7ryLQXtPb2ot/AJWtidbttysBvHamwlNT6K9wZM2fr2OcTwM6+L9WytIeLIcimtlCAWF1VUelY10w==",
      "dev": true,
      "dependencies": {
        "@prisma/prisma-fmt-wasm": "3.6.0-24.dc520b92b1ebb2d28dc3161f9f82e875bd35d727"
      },
      "engines": {
        "node": ">=12",
        "npm": ">=7"
      },
      "peerDependencies": {
        "prettier": ">=2"
      }
    }
  },
  "dependencies": {
    "@prisma/prisma-fmt-wasm": {
      "version": "3.6.0-24.dc520b92b1ebb2d28dc3161f9f82e875bd35d727",
      "resolved": "https://registry.npmjs.org/@prisma/prisma-fmt-wasm/-/prisma-fmt-wasm-3.6.0-24.dc520b92b1ebb2d28dc3161f9f82e875bd35d727.tgz",
      "integrity": "sha512-Nt4A2SZ4MASAliZ9OaXCYG1xr80lEcJABliUAi/tvzCU8r5W3V4Tp5XDqchxuN/w71XY/s+OaWce7PHnoMGpkA==",
      "dev": true
    },
    "prettier": {
      "version": "2.5.1",
      "resolved": "https://registry.npmjs.org/prettier/-/prettier-2.5.1.tgz",
      "integrity": "sha512-vBZcPRUR5MZJwoyi3ZoyQlc1rXeEck8KgeC9AwwOn+exuxLxq5toTRDTSaVrXHxelDMHy9zlicw8u66yxoSUFg==",
      "dev": true,
      "peer": true
    },
    "prettier-plugin-prisma": {
      "version": "3.6.0",
      "resolved": "https://registry.npmjs.org/prettier-plugin-prisma/-/prettier-plugin-prisma-3.6.0.tgz",
      "integrity": "sha512-kXr+gNqkP7ryLQXtPb2ot/AJWtidbttysBvHamwlNT6K9wZM2fr2OcTwM6+L9WytIeLIcimtlCAWF1VUelY10w==",
      "dev": true,
      "requires": {
        "@prisma/prisma-fmt-wasm": "3.6.0-24.dc520b92b1ebb2d28dc3161f9f82e875bd35d727"
      }
    }
  }
}
